
Microsoft Visual Studio Solution File, Format Version 12.00
# Visual Studio Version 17
VisualStudioVersion = 17.0.31903.59
MinimumVisualStudioVersion = 10.0.40219.1
Project("{2150E333-8FDC-42A3-9474-1A3956D46DE8}") = "src", "src", "{43A875DF-D770-4044-883B-ECB13DD673D5}"
EndProject
Project("{FAE04EC0-301F-11D3-BF4B-00C04F79EFBC}") = "Gui.Avalonia", "src\Gui.Avalonia\Gui.Avalonia.csproj", "{711A1B2F-6636-441D-BC43-63C4984F377F}"
EndProject
Project("{FAE04EC0-301F-11D3-BF4B-00C04F79EFBC}") = "ViewModels", "src\ViewModels\ViewModels.csproj", "{88741ECA-7395-4519-8B8D-D2DF227CE4EF}"
EndProject
Project("{FAE04EC0-301F-11D3-BF4B-00C04F79EFBC}") = "Models", "src\Models\Models.csproj", "{AF0504F8-77FE-4CFD-AD0A-FB7400D9600A}"
EndProject
Global
	GlobalSection(SolutionConfigurationPlatforms) = preSolution
		Debug|Any CPU = Debug|Any CPU
		Release|Any CPU = Release|Any CPU
	EndGlobalSection
	GlobalSection(SolutionProperties) = preSolution
		HideSolutionNode = FALSE
	EndGlobalSection
	GlobalSection(ProjectConfigurationPlatforms) = postSolution
		{711A1B2F-6636-441D-BC43-63C4984F377F}.Debug|Any CPU.ActiveCfg = Debug|Any CPU
		{711A1B2F-6636-441D-BC43-63C4984F377F}.Debug|Any CPU.Build.0 = Debug|Any CPU
		{711A1B2F-6636-441D-BC43-63C4984F377F}.Release|Any CPU.ActiveCfg = Release|Any CPU
		{711A1B2F-6636-441D-BC43-63C4984F377F}.Release|Any CPU.Build.0 = Release|Any CPU
		{88741ECA-7395-4519-8B8D-D2DF227CE4EF}.Debug|Any CPU.ActiveCfg = Debug|Any CPU
		{88741ECA-7395-4519-8B8D-D2DF227CE4EF}.Debug|Any CPU.Build.0 = Debug|Any CPU
		{88741ECA-7395-4519-8B8D-D2DF227CE4EF}.Release|Any CPU.ActiveCfg = Release|Any CPU
		{88741ECA-7395-4519-8B8D-D2DF227CE4EF}.Release|Any CPU.Build.0 = Release|Any CPU
		{AF0504F8-77FE-4CFD-AD0A-FB7400D9600A}.Debug|Any CPU.ActiveCfg = Debug|Any CPU
		{AF0504F8-77FE-4CFD-AD0A-FB7400D9600A}.Debug|Any CPU.Build.0 = Debug|Any CPU
		{AF0504F8-77FE-4CFD-AD0A-FB7400D9600A}.Release|Any CPU.ActiveCfg = Release|Any CPU
		{AF0504F8-77FE-4CFD-AD0A-FB7400D9600A}.Release|Any CPU.Build.0 = Release|Any CPU
	EndGlobalSection
	GlobalSection(NestedProjects) = preSolution
		{711A1B2F-6636-441D-BC43-63C4984F377F} = {43A875DF-D770-4044-883B-ECB13DD673D5}
		{88741ECA-7395-4519-8B8D-D2DF227CE4EF} = {43A875DF-D770-4044-883B-ECB13DD673D5}
		{AF0504F8-77FE-4CFD-AD0A-FB7400D9600A} = {43A875DF-D770-4044-883B-ECB13DD673D5}
	EndGlobalSection
EndGlobal
